
Microsoft Visual Studio Solution File, Format Version 12.00
# Visual Studio Version 17
VisualStudioVersion = 17.3.32825.248
MinimumVisualStudioVersion = 10.0.40219.1
Project("{FAE04EC0-301F-11D3-BF4B-00C04F79EFBC}") = "MagicDustTemplate", "MagicDustTemplate\MagicDustTemplate.csproj", "{49AF8B31-77AA-4ADF-98A9-FC2DAD356FD4}"
EndProject
Global
	GlobalSection(SolutionConfigurationPlatforms) = preSolution
		Debug|Any CPU = Debug|Any CPU
		Release|Any CPU = Release|Any CPU
	EndGlobalSection
	GlobalSection(ProjectConfigurationPlatforms) = postSolution
		{49AF8B31-77AA-4ADF-98A9-FC2DAD356FD4}.Debug|Any CPU.ActiveCfg = Debug|Any CPU
		{49AF8B31-77AA-4ADF-98A9-FC2DAD356FD4}.Debug|Any CPU.Build.0 = Debug|Any CPU
		{49AF8B31-77AA-4ADF-98A9-FC2DAD356FD4}.Release|Any CPU.ActiveCfg = Release|Any CPU
		{49AF8B31-77AA-4ADF-98A9-FC2DAD356FD4}.Release|Any CPU.Build.0 = Release|Any CPU
	EndGlobalSection
	GlobalSection(SolutionProperties) = preSolution
		HideSolutionNode = FALSE
	EndGlobalSection
	GlobalSection(ExtensibilityGlobals) = postSolution
		SolutionGuid = {848FD26B-7A88-4181-ADCD-105BABC19F8B}
	EndGlobalSection
EndGlobal
